// !$*UTF8*$!
{
	archiveVersion = 1;
	classes = {
	};
	objectVersion = 55;
	objects = {

/* Begin PBXBuildFile section */
		D0421AC3282125230037771E /* OnboardingViewController.swift in Sources */ = {isa = PBXBuildFile; fileRef = D0421AC2282125230037771E /* OnboardingViewController.swift */; };
		D0421AC52823A5490037771E /* DummyViewController.swift in Sources */ = {isa = PBXBuildFile; fileRef = D0421AC42823A5490037771E /* DummyViewController.swift */; };
		D055D048281FD19F00A04120 /* OnboardingContainerViewController.swift in Sources */ = {isa = PBXBuildFile; fileRef = D055D047281FD19F00A04120 /* OnboardingContainerViewController.swift */; };
		D05BDE13282522C600C4BEE0 /* LocalState.swift in Sources */ = {isa = PBXBuildFile; fileRef = D05BDE12282522C600C4BEE0 /* LocalState.swift */; };
		D05BDE152829054500C4BEE0 /* UIViewController+Utils.swift in Sources */ = {isa = PBXBuildFile; fileRef = D05BDE142829054500C4BEE0 /* UIViewController+Utils.swift */; };
		D05BDE172829067500C4BEE0 /* MainViewController.swift in Sources */ = {isa = PBXBuildFile; fileRef = D05BDE162829067500C4BEE0 /* MainViewController.swift */; };
		D090DA90282CFFA600F69551 /* AccountSummaryViewController.swift in Sources */ = {isa = PBXBuildFile; fileRef = D090DA8F282CFFA600F69551 /* AccountSummaryViewController.swift */; };
		D090DA92282D03DA00F69551 /* AccountSummaryHeaderView.swift in Sources */ = {isa = PBXBuildFile; fileRef = D090DA91282D03DA00F69551 /* AccountSummaryHeaderView.swift */; };
		D090DA94282D041600F69551 /* AccountSummaryHeaderView.xib in Resources */ = {isa = PBXBuildFile; fileRef = D090DA93282D041600F69551 /* AccountSummaryHeaderView.xib */; };
		D090DA98282E331600F69551 /* AccountSummaryCell.swift in Sources */ = {isa = PBXBuildFile; fileRef = D090DA97282E331600F69551 /* AccountSummaryCell.swift */; };
		D092F9972935FB2C003D4B2E /* ShakeyBellView.swift in Sources */ = {isa = PBXBuildFile; fileRef = D092F9962935FB2B003D4B2E /* ShakeyBellView.swift */; };
		D0A6ECAF283747A20054EBB8 /* Decimal+Utils.swift in Sources */ = {isa = PBXBuildFile; fileRef = D0A6ECAE283747A20054EBB8 /* Decimal+Utils.swift */; };
		D0A6ECB1283747F10054EBB8 /* CurrencyFormatter.swift in Sources */ = {isa = PBXBuildFile; fileRef = D0A6ECB0283747F10054EBB8 /* CurrencyFormatter.swift */; };
		D0A6ED622845FF840054EBB8 /* CurrencyFormatterTests.swift in Sources */ = {isa = PBXBuildFile; fileRef = D0A6ED612845FF840054EBB8 /* CurrencyFormatterTests.swift */; };
		D0A6ED6A284703850054EBB8 /* NSNotificationName.swift in Sources */ = {isa = PBXBuildFile; fileRef = D0A6ED69284703850054EBB8 /* NSNotificationName.swift */; };
		D0A6ED6C28470CBE0054EBB8 /* UITextField+SecureToggle.swift in Sources */ = {isa = PBXBuildFile; fileRef = D0A6ED6B28470CBE0054EBB8 /* UITextField+SecureToggle.swift */; };
		D0BC658E280EB38B0023051D /* AppDelegate.swift in Sources */ = {isa = PBXBuildFile; fileRef = D0BC658D280EB38B0023051D /* AppDelegate.swift */; };
		D0BC6592280EB38B0023051D /* LoginViewController.swift in Sources */ = {isa = PBXBuildFile; fileRef = D0BC6591280EB38B0023051D /* LoginViewController.swift */; };
		D0BC6597280EB38C0023051D /* Assets.xcassets in Resources */ = {isa = PBXBuildFile; fileRef = D0BC6596280EB38C0023051D /* Assets.xcassets */; };
		D0BC659A280EB38C0023051D /* LaunchScreen.storyboard in Resources */ = {isa = PBXBuildFile; fileRef = D0BC6598280EB38C0023051D /* LaunchScreen.storyboard */; };
		D0BC65A4280EB9CA0023051D /* LoginView.swift in Sources */ = {isa = PBXBuildFile; fileRef = D0BC65A3280EB9CA0023051D /* LoginView.swift */; };
/* End PBXBuildFile section */

/* Begin PBXContainerItemProxy section */
		D0A6ED5C2845FEEB0054EBB8 /* PBXContainerItemProxy */ = {
			isa = PBXContainerItemProxy;
			containerPortal = D0BC6582280EB38B0023051D /* Project object */;
			proxyType = 1;
			remoteGlobalIDString = D0BC6589280EB38B0023051D;
			remoteInfo = Bankey;
		};
/* End PBXContainerItemProxy section */

/* Begin PBXFileReference section */
		D0421AC2282125230037771E /* OnboardingViewController.swift */ = {isa = PBXFileReference; lastKnownFileType = sourcecode.swift; path = OnboardingViewController.swift; sourceTree = "<group>"; };
		D0421AC42823A5490037771E /* DummyViewController.swift */ = {isa = PBXFileReference; lastKnownFileType = sourcecode.swift; path = DummyViewController.swift; sourceTree = "<group>"; };
		D055D047281FD19F00A04120 /* OnboardingContainerViewController.swift */ = {isa = PBXFileReference; lastKnownFileType = sourcecode.swift; path = OnboardingContainerViewController.swift; sourceTree = "<group>"; };
		D05BDE12282522C600C4BEE0 /* LocalState.swift */ = {isa = PBXFileReference; lastKnownFileType = sourcecode.swift; path = LocalState.swift; sourceTree = "<group>"; };
		D05BDE142829054500C4BEE0 /* UIViewController+Utils.swift */ = {isa = PBXFileReference; lastKnownFileType = sourcecode.swift; path = "UIViewController+Utils.swift"; sourceTree = "<group>"; };
		D05BDE162829067500C4BEE0 /* MainViewController.swift */ = {isa = PBXFileReference; lastKnownFileType = sourcecode.swift; path = MainViewController.swift; sourceTree = "<group>"; };
		D090DA8F282CFFA600F69551 /* AccountSummaryViewController.swift */ = {isa = PBXFileReference; lastKnownFileType = sourcecode.swift; path = AccountSummaryViewController.swift; sourceTree = "<group>"; };
		D090DA91282D03DA00F69551 /* AccountSummaryHeaderView.swift */ = {isa = PBXFileReference; lastKnownFileType = sourcecode.swift; path = AccountSummaryHeaderView.swift; sourceTree = "<group>"; };
		D090DA93282D041600F69551 /* AccountSummaryHeaderView.xib */ = {isa = PBXFileReference; lastKnownFileType = file.xib; path = AccountSummaryHeaderView.xib; sourceTree = "<group>"; };
		D090DA97282E331600F69551 /* AccountSummaryCell.swift */ = {isa = PBXFileReference; lastKnownFileType = sourcecode.swift; path = AccountSummaryCell.swift; sourceTree = "<group>"; };
		D092F9962935FB2B003D4B2E /* ShakeyBellView.swift */ = {isa = PBXFileReference; lastKnownFileType = sourcecode.swift; path = ShakeyBellView.swift; sourceTree = "<group>"; };
		D0A6ECAE283747A20054EBB8 /* Decimal+Utils.swift */ = {isa = PBXFileReference; lastKnownFileType = sourcecode.swift; path = "Decimal+Utils.swift"; sourceTree = "<group>"; };
		D0A6ECB0283747F10054EBB8 /* CurrencyFormatter.swift */ = {isa = PBXFileReference; lastKnownFileType = sourcecode.swift; path = CurrencyFormatter.swift; sourceTree = "<group>"; };
		D0A6ED582845FEEB0054EBB8 /* BankeyUnitTests.xctest */ = {isa = PBXFileReference; explicitFileType = wrapper.cfbundle; includeInIndex = 0; path = BankeyUnitTests.xctest; sourceTree = BUILT_PRODUCTS_DIR; };
		D0A6ED612845FF840054EBB8 /* CurrencyFormatterTests.swift */ = {isa = PBXFileReference; lastKnownFileType = sourcecode.swift; path = CurrencyFormatterTests.swift; sourceTree = "<group>"; };
		D0A6ED69284703850054EBB8 /* NSNotificationName.swift */ = {isa = PBXFileReference; lastKnownFileType = sourcecode.swift; path = NSNotificationName.swift; sourceTree = "<group>"; };
		D0A6ED6B28470CBE0054EBB8 /* UITextField+SecureToggle.swift */ = {isa = PBXFileReference; lastKnownFileType = sourcecode.swift; path = "UITextField+SecureToggle.swift"; sourceTree = "<group>"; };
		D0BC658A280EB38B0023051D /* Bankey.app */ = {isa = PBXFileReference; explicitFileType = wrapper.application; includeInIndex = 0; path = Bankey.app; sourceTree = BUILT_PRODUCTS_DIR; };
		D0BC658D280EB38B0023051D /* AppDelegate.swift */ = {isa = PBXFileReference; lastKnownFileType = sourcecode.swift; path = AppDelegate.swift; sourceTree = "<group>"; };
		D0BC6591280EB38B0023051D /* LoginViewController.swift */ = {isa = PBXFileReference; lastKnownFileType = sourcecode.swift; path = LoginViewController.swift; sourceTree = "<group>"; };
		D0BC6596280EB38C0023051D /* Assets.xcassets */ = {isa = PBXFileReference; lastKnownFileType = folder.assetcatalog; path = Assets.xcassets; sourceTree = "<group>"; };
		D0BC6599280EB38C0023051D /* Base */ = {isa = PBXFileReference; lastKnownFileType = file.storyboard; name = Base; path = Base.lproj/LaunchScreen.storyboard; sourceTree = "<group>"; };
		D0BC659B280EB38C0023051D /* Info.plist */ = {isa = PBXFileReference; lastKnownFileType = text.plist.xml; path = Info.plist; sourceTree = "<group>"; };
		D0BC65A3280EB9CA0023051D /* LoginView.swift */ = {isa = PBXFileReference; lastKnownFileType = sourcecode.swift; path = LoginView.swift; sourceTree = "<group>"; };
/* End PBXFileReference section */

/* Begin PBXFrameworksBuildPhase section */
		D0A6ED552845FEEB0054EBB8 /* Frameworks */ = {
			isa = PBXFrameworksBuildPhase;
			buildActionMask = 2147483647;
			files = (
			);
			runOnlyForDeploymentPostprocessing = 0;
		};
		D0BC6587280EB38B0023051D /* Frameworks */ = {
			isa = PBXFrameworksBuildPhase;
			buildActionMask = 2147483647;
			files = (
			);
			runOnlyForDeploymentPostprocessing = 0;
		};
/* End PBXFrameworksBuildPhase section */

/* Begin PBXGroup section */
		D055D026281FD0F300A04120 /* Onboarding */ = {
			isa = PBXGroup;
			children = (
				D055D047281FD19F00A04120 /* OnboardingContainerViewController.swift */,
				D0421AC2282125230037771E /* OnboardingViewController.swift */,
			);
			path = Onboarding;
			sourceTree = "<group>";
		};
		D05BDE11282522B400C4BEE0 /* Utils */ = {
			isa = PBXGroup;
			children = (
				D05BDE142829054500C4BEE0 /* UIViewController+Utils.swift */,
				D0A6ECAE283747A20054EBB8 /* Decimal+Utils.swift */,
				D0A6ED6B28470CBE0054EBB8 /* UITextField+SecureToggle.swift */,
				D05BDE12282522C600C4BEE0 /* LocalState.swift */,
				D0A6ECB0283747F10054EBB8 /* CurrencyFormatter.swift */,
				D0A6ED69284703850054EBB8 /* NSNotificationName.swift */,
			);
			path = Utils;
			sourceTree = "<group>";
		};
		D090DA8E282CFF7800F69551 /* AccountSummary */ = {
			isa = PBXGroup;
			children = (
				D090DA8F282CFFA600F69551 /* AccountSummaryViewController.swift */,
				D090DA95282E32CA00F69551 /* Header */,
				D090DA96282E32E600F69551 /* Cells */,
			);
			path = AccountSummary;
			sourceTree = "<group>";
		};
		D090DA95282E32CA00F69551 /* Header */ = {
			isa = PBXGroup;
			children = (
				D090DA91282D03DA00F69551 /* AccountSummaryHeaderView.swift */,
				D090DA93282D041600F69551 /* AccountSummaryHeaderView.xib */,
			);
			path = Header;
			sourceTree = "<group>";
		};
		D090DA96282E32E600F69551 /* Cells */ = {
			isa = PBXGroup;
			children = (
				D090DA97282E331600F69551 /* AccountSummaryCell.swift */,
			);
			path = Cells;
			sourceTree = "<group>";
		};
		D092F9952935FAE9003D4B2E /* Components */ = {
			isa = PBXGroup;
			children = (
				D092F9962935FB2B003D4B2E /* ShakeyBellView.swift */,
			);
			path = Components;
			sourceTree = "<group>";
		};
		D0A6ED592845FEEB0054EBB8 /* BankeyUnitTests */ = {
			isa = PBXGroup;
			children = (
				D0A6ED612845FF840054EBB8 /* CurrencyFormatterTests.swift */,
			);
			path = BankeyUnitTests;
			sourceTree = "<group>";
		};
		D0BC6581280EB38B0023051D = {
			isa = PBXGroup;
			children = (
				D0BC658C280EB38B0023051D /* Bankey */,
				D0A6ED592845FEEB0054EBB8 /* BankeyUnitTests */,
				D0BC658B280EB38B0023051D /* Products */,
			);
			sourceTree = "<group>";
		};
		D0BC658B280EB38B0023051D /* Products */ = {
			isa = PBXGroup;
			children = (
				D0BC658A280EB38B0023051D /* Bankey.app */,
				D0A6ED582845FEEB0054EBB8 /* BankeyUnitTests.xctest */,
			);
			name = Products;
			sourceTree = "<group>";
		};
		D0BC658C280EB38B0023051D /* Bankey */ = {
			isa = PBXGroup;
			children = (
				D0BC658D280EB38B0023051D /* AppDelegate.swift */,
				D05BDE162829067500C4BEE0 /* MainViewController.swift */,
				D0BC65A2280EB8AF0023051D /* Login */,
				D055D026281FD0F300A04120 /* Onboarding */,
				D090DA8E282CFF7800F69551 /* AccountSummary */,
				D05BDE11282522B400C4BEE0 /* Utils */,
				D0BC65A1280EB7E00023051D /* Files */,
				D092F9952935FAE9003D4B2E /* Components */,
			);
			path = Bankey;
			sourceTree = "<group>";
		};
		D0BC65A1280EB7E00023051D /* Files */ = {
			isa = PBXGroup;
			children = (
				D0BC6596280EB38C0023051D /* Assets.xcassets */,
				D0BC6598280EB38C0023051D /* LaunchScreen.storyboard */,
				D0BC659B280EB38C0023051D /* Info.plist */,
			);
			path = Files;
			sourceTree = "<group>";
		};
		D0BC65A2280EB8AF0023051D /* Login */ = {
			isa = PBXGroup;
			children = (
				D0BC6591280EB38B0023051D /* LoginViewController.swift */,
				D0BC65A3280EB9CA0023051D /* LoginView.swift */,
				D0421AC42823A5490037771E /* DummyViewController.swift */,
			);
			path = Login;
			sourceTree = "<group>";
		};
/* End PBXGroup section */

/* Begin PBXNativeTarget section */
		D0A6ED572845FEEB0054EBB8 /* BankeyUnitTests */ = {
			isa = PBXNativeTarget;
			buildConfigurationList = D0A6ED602845FEEB0054EBB8 /* Build configuration list for PBXNativeTarget "BankeyUnitTests" */;
			buildPhases = (
				D0A6ED542845FEEB0054EBB8 /* Sources */,
				D0A6ED552845FEEB0054EBB8 /* Frameworks */,
				D0A6ED562845FEEB0054EBB8 /* Resources */,
			);
			buildRules = (
			);
			dependencies = (
				D0A6ED5D2845FEEB0054EBB8 /* PBXTargetDependency */,
			);
			name = BankeyUnitTests;
			productName = BankeyUnitTests;
			productReference = D0A6ED582845FEEB0054EBB8 /* BankeyUnitTests.xctest */;
			productType = "com.apple.product-type.bundle.unit-test";
		};
		D0BC6589280EB38B0023051D /* Bankey */ = {
			isa = PBXNativeTarget;
			buildConfigurationList = D0BC659E280EB38C0023051D /* Build configuration list for PBXNativeTarget "Bankey" */;
			buildPhases = (
				D0BC6586280EB38B0023051D /* Sources */,
				D0BC6587280EB38B0023051D /* Frameworks */,
				D0BC6588280EB38B0023051D /* Resources */,
			);
			buildRules = (
			);
			dependencies = (
			);
			name = Bankey;
			productName = Bankey;
			productReference = D0BC658A280EB38B0023051D /* Bankey.app */;
			productType = "com.apple.product-type.application";
		};
/* End PBXNativeTarget section */

/* Begin PBXProject section */
		D0BC6582280EB38B0023051D /* Project object */ = {
			isa = PBXProject;
			attributes = {
				BuildIndependentTargetsInParallel = 1;
				LastSwiftUpdateCheck = 1340;
				LastUpgradeCheck = 1330;
				TargetAttributes = {
					D0A6ED572845FEEB0054EBB8 = {
						CreatedOnToolsVersion = 13.4;
						LastSwiftMigration = 1340;
						TestTargetID = D0BC6589280EB38B0023051D;
					};
					D0BC6589280EB38B0023051D = {
						CreatedOnToolsVersion = 13.3.1;
					};
				};
			};
			buildConfigurationList = D0BC6585280EB38B0023051D /* Build configuration list for PBXProject "Bankey" */;
			compatibilityVersion = "Xcode 13.0";
			developmentRegion = en;
			hasScannedForEncodings = 0;
			knownRegions = (
				en,
				Base,
			);
			mainGroup = D0BC6581280EB38B0023051D;
			productRefGroup = D0BC658B280EB38B0023051D /* Products */;
			projectDirPath = "";
			projectRoot = "";
			targets = (
				D0BC6589280EB38B0023051D /* Bankey */,
				D0A6ED572845FEEB0054EBB8 /* BankeyUnitTests */,
			);
		};
/* End PBXProject section */

/* Begin PBXResourcesBuildPhase section */
		D0A6ED562845FEEB0054EBB8 /* Resources */ = {
			isa = PBXResourcesBuildPhase;
			buildActionMask = 2147483647;
			files = (
			);
			runOnlyForDeploymentPostprocessing = 0;
		};
		D0BC6588280EB38B0023051D /* Resources */ = {
			isa = PBXResourcesBuildPhase;
			buildActionMask = 2147483647;
			files = (
				D090DA94282D041600F69551 /* AccountSummaryHeaderView.xib in Resources */,
				D0BC659A280EB38C0023051D /* LaunchScreen.storyboard in Resources */,
				D0BC6597280EB38C0023051D /* Assets.xcassets in Resources */,
			);
			runOnlyForDeploymentPostprocessing = 0;
		};
/* End PBXResourcesBuildPhase section */

/* Begin PBXSourcesBuildPhase section */
		D0A6ED542845FEEB0054EBB8 /* Sources */ = {
			isa = PBXSourcesBuildPhase;
			buildActionMask = 2147483647;
			files = (
				D0A6ED622845FF840054EBB8 /* CurrencyFormatterTests.swift in Sources */,
			);
			runOnlyForDeploymentPostprocessing = 0;
		};
		D0BC6586280EB38B0023051D /* Sources */ = {
			isa = PBXSourcesBuildPhase;
			buildActionMask = 2147483647;
			files = (
				D05BDE152829054500C4BEE0 /* UIViewController+Utils.swift in Sources */,
				D0BC65A4280EB9CA0023051D /* LoginView.swift in Sources */,
				D05BDE13282522C600C4BEE0 /* LocalState.swift in Sources */,
				D090DA92282D03DA00F69551 /* AccountSummaryHeaderView.swift in Sources */,
				D0A6ED6C28470CBE0054EBB8 /* UITextField+SecureToggle.swift in Sources */,
				D0421AC52823A5490037771E /* DummyViewController.swift in Sources */,
				D0A6ECB1283747F10054EBB8 /* CurrencyFormatter.swift in Sources */,
				D0A6ECAF283747A20054EBB8 /* Decimal+Utils.swift in Sources */,
				D0A6ED6A284703850054EBB8 /* NSNotificationName.swift in Sources */,
				D0BC6592280EB38B0023051D /* LoginViewController.swift in Sources */,
				D092F9972935FB2C003D4B2E /* ShakeyBellView.swift in Sources */,
				D090DA98282E331600F69551 /* AccountSummaryCell.swift in Sources */,
				D0421AC3282125230037771E /* OnboardingViewController.swift in Sources */,
				D05BDE172829067500C4BEE0 /* MainViewController.swift in Sources */,
				D090DA90282CFFA600F69551 /* AccountSummaryViewController.swift in Sources */,
				D0BC658E280EB38B0023051D /* AppDelegate.swift in Sources */,
				D055D048281FD19F00A04120 /* OnboardingContainerViewController.swift in Sources */,
			);
			runOnlyForDeploymentPostprocessing = 0;
		};
/* End PBXSourcesBuildPhase section */

/* Begin PBXTargetDependency section */
		D0A6ED5D2845FEEB0054EBB8 /* PBXTargetDependency */ = {
			isa = PBXTargetDependency;
			target = D0BC6589280EB38B0023051D /* Bankey */;
			targetProxy = D0A6ED5C2845FEEB0054EBB8 /* PBXContainerItemProxy */;
		};
/* End PBXTargetDependency section */

/* Begin PBXVariantGroup section */
		D0BC6598280EB38C0023051D /* LaunchScreen.storyboard */ = {
			isa = PBXVariantGroup;
			children = (
				D0BC6599280EB38C0023051D /* Base */,
			);
			name = LaunchScreen.storyboard;
			sourceTree = "<group>";
		};
/* End PBXVariantGroup section */

/* Begin XCBuildConfiguration section */
		D0A6ED5E2845FEEB0054EBB8 /* Debug */ = {
			isa = XCBuildConfiguration;
			buildSettings = {
				BUNDLE_LOADER = "$(TEST_HOST)";
				CLANG_ENABLE_MODULES = YES;
				CODE_SIGN_STYLE = Automatic;
				CURRENT_PROJECT_VERSION = 1;
				DEVELOPMENT_TEAM = 5H3B76C82P;
				GENERATE_INFOPLIST_FILE = YES;
				IPHONEOS_DEPLOYMENT_TARGET = 15.5;
				LD_RUNPATH_SEARCH_PATHS = (
					"$(inherited)",
					"@executable_path/Frameworks",
					"@loader_path/Frameworks",
				);
				MARKETING_VERSION = 1.0;
				PRODUCT_BUNDLE_IDENTIFIER = com.justin.BankeyUnitTests;
				PRODUCT_NAME = "$(TARGET_NAME)";
				SWIFT_EMIT_LOC_STRINGS = NO;
				SWIFT_OPTIMIZATION_LEVEL = "-Onone";
				SWIFT_VERSION = 5.0;
				TARGETED_DEVICE_FAMILY = "1,2";
				TEST_HOST = "$(BUILT_PRODUCTS_DIR)/Bankey.app/Bankey";
			};
			name = Debug;
		};
		D0A6ED5F2845FEEB0054EBB8 /* Release */ = {
			isa = XCBuildConfiguration;
			buildSettings = {
				BUNDLE_LOADER = "$(TEST_HOST)";
				CLANG_ENABLE_MODULES = YES;
				CODE_SIGN_STYLE = Automatic;
				CURRENT_PROJECT_VERSION = 1;
				DEVELOPMENT_TEAM = 5H3B76C82P;
				GENERATE_INFOPLIST_FILE = YES;
				IPHONEOS_DEPLOYMENT_TARGET = 15.5;
				LD_RUNPATH_SEARCH_PATHS = (
					"$(inherited)",
					"@executable_path/Frameworks",
					"@loader_path/Frameworks",
				);
				MARKETING_VERSION = 1.0;
				PRODUCT_BUNDLE_IDENTIFIER = com.justin.BankeyUnitTests;
				PRODUCT_NAME = "$(TARGET_NAME)";
				SWIFT_EMIT_LOC_STRINGS = NO;
				SWIFT_VERSION = 5.0;
				TARGETED_DEVICE_FAMILY = "1,2";
				TEST_HOST = "$(BUILT_PRODUCTS_DIR)/Bankey.app/Bankey";
			};
			name = Release;
		};
		D0BC659C280EB38C0023051D /* Debug */ = {
			isa = XCBuildConfiguration;
			buildSettings = {
				ALWAYS_SEARCH_USER_PATHS = NO;
				CLANG_ANALYZER_NONNULL = YES;
				CLANG_ANALYZER_NUMBER_OBJECT_CONVERSION = YES_AGGRESSIVE;
				CLANG_CXX_LANGUAGE_STANDARD = "gnu++17";
				CLANG_ENABLE_MODULES = YES;
				CLANG_ENABLE_OBJC_ARC = YES;
				CLANG_ENABLE_OBJC_WEAK = YES;
				CLANG_WARN_BLOCK_CAPTURE_AUTORELEASING = YES;
				CLANG_WARN_BOOL_CONVERSION = YES;
				CLANG_WARN_COMMA = YES;
				CLANG_WARN_CONSTANT_CONVERSION = YES;
				CLANG_WARN_DEPRECATED_OBJC_IMPLEMENTATIONS = YES;
				CLANG_WARN_DIRECT_OBJC_ISA_USAGE = YES_ERROR;
				CLANG_WARN_DOCUMENTATION_COMMENTS = YES;
				CLANG_WARN_EMPTY_BODY = YES;
				CLANG_WARN_ENUM_CONVERSION = YES;
				CLANG_WARN_INFINITE_RECURSION = YES;
				CLANG_WARN_INT_CONVERSION = YES;
				CLANG_WARN_NON_LITERAL_NULL_CONVERSION = YES;
				CLANG_WARN_OBJC_IMPLICIT_RETAIN_SELF = YES;
				CLANG_WARN_OBJC_LITERAL_CONVERSION = YES;
				CLANG_WARN_OBJC_ROOT_CLASS = YES_ERROR;
				CLANG_WARN_QUOTED_INCLUDE_IN_FRAMEWORK_HEADER = YES;
				CLANG_WARN_RANGE_LOOP_ANALYSIS = YES;
				CLANG_WARN_STRICT_PROTOTYPES = YES;
				CLANG_WARN_SUSPICIOUS_MOVE = YES;
				CLANG_WARN_UNGUARDED_AVAILABILITY = YES_AGGRESSIVE;
				CLANG_WARN_UNREACHABLE_CODE = YES;
				CLANG_WARN__DUPLICATE_METHOD_MATCH = YES;
				COPY_PHASE_STRIP = NO;
				DEBUG_INFORMATION_FORMAT = dwarf;
				ENABLE_STRICT_OBJC_MSGSEND = YES;
				ENABLE_TESTABILITY = YES;
				GCC_C_LANGUAGE_STANDARD = gnu11;
				GCC_DYNAMIC_NO_PIC = NO;
				GCC_NO_COMMON_BLOCKS = YES;
				GCC_OPTIMIZATION_LEVEL = 0;
				GCC_PREPROCESSOR_DEFINITIONS = (
					"DEBUG=1",
					"$(inherited)",
				);
				GCC_WARN_64_TO_32_BIT_CONVERSION = YES;
				GCC_WARN_ABOUT_RETURN_TYPE = YES_ERROR;
				GCC_WARN_UNDECLARED_SELECTOR = YES;
				GCC_WARN_UNINITIALIZED_AUTOS = YES_AGGRESSIVE;
				GCC_WARN_UNUSED_FUNCTION = YES;
				GCC_WARN_UNUSED_VARIABLE = YES;
				IPHONEOS_DEPLOYMENT_TARGET = 15.4;
				MTL_ENABLE_DEBUG_INFO = INCLUDE_SOURCE;
				MTL_FAST_MATH = YES;
				ONLY_ACTIVE_ARCH = YES;
				SDKROOT = iphoneos;
				SWIFT_ACTIVE_COMPILATION_CONDITIONS = DEBUG;
				SWIFT_OPTIMIZATION_LEVEL = "-Onone";
			};
			name = Debug;
		};
		D0BC659D280EB38C0023051D /* Release */ = {
			isa = XCBuildConfiguration;
			buildSettings = {
				ALWAYS_SEARCH_USER_PATHS = NO;
				CLANG_ANALYZER_NONNULL = YES;
				CLANG_ANALYZER_NUMBER_OBJECT_CONVERSION = YES_AGGRESSIVE;
				CLANG_CXX_LANGUAGE_STANDARD = "gnu++17";
				CLANG_ENABLE_MODULES = YES;
				CLANG_ENABLE_OBJC_ARC = YES;
				CLANG_ENABLE_OBJC_WEAK = YES;
				CLANG_WARN_BLOCK_CAPTURE_AUTORELEASING = YES;
				CLANG_WARN_BOOL_CONVERSION = YES;
				CLANG_WARN_COMMA = YES;
				CLANG_WARN_CONSTANT_CONVERSION = YES;
				CLANG_WARN_DEPRECATED_OBJC_IMPLEMENTATIONS = YES;
				CLANG_WARN_DIRECT_OBJC_ISA_USAGE = YES_ERROR;
				CLANG_WARN_DOCUMENTATION_COMMENTS = YES;
				CLANG_WARN_EMPTY_BODY = YES;
				CLANG_WARN_ENUM_CONVERSION = YES;
				CLANG_WARN_INFINITE_RECURSION = YES;
				CLANG_WARN_INT_CONVERSION = YES;
				CLANG_WARN_NON_LITERAL_NULL_CONVERSION = YES;
				CLANG_WARN_OBJC_IMPLICIT_RETAIN_SELF = YES;
				CLANG_WARN_OBJC_LITERAL_CONVERSION = YES;
				CLANG_WARN_OBJC_ROOT_CLASS = YES_ERROR;
				CLANG_WARN_QUOTED_INCLUDE_IN_FRAMEWORK_HEADER = YES;
				CLANG_WARN_RANGE_LOOP_ANALYSIS = YES;
				CLANG_WARN_STRICT_PROTOTYPES = YES;
				CLANG_WARN_SUSPICIOUS_MOVE = YES;
				CLANG_WARN_UNGUARDED_AVAILABILITY = YES_AGGRESSIVE;
				CLANG_WARN_UNREACHABLE_CODE = YES;
				CLANG_WARN__DUPLICATE_METHOD_MATCH = YES;
				COPY_PHASE_STRIP = NO;
				DEBUG_INFORMATION_FORMAT = "dwarf-with-dsym";
				ENABLE_NS_ASSERTIONS = NO;
				ENABLE_STRICT_OBJC_MSGSEND = YES;
				GCC_C_LANGUAGE_STANDARD = gnu11;
				GCC_NO_COMMON_BLOCKS = YES;
				GCC_WARN_64_TO_32_BIT_CONVERSION = YES;
				GCC_WARN_ABOUT_RETURN_TYPE = YES_ERROR;
				GCC_WARN_UNDECLARED_SELECTOR = YES;
				GCC_WARN_UNINITIALIZED_AUTOS = YES_AGGRESSIVE;
				GCC_WARN_UNUSED_FUNCTION = YES;
				GCC_WARN_UNUSED_VARIABLE = YES;
				IPHONEOS_DEPLOYMENT_TARGET = 15.4;
				MTL_ENABLE_DEBUG_INFO = NO;
				MTL_FAST_MATH = YES;
				SDKROOT = iphoneos;
				SWIFT_COMPILATION_MODE = wholemodule;
				SWIFT_OPTIMIZATION_LEVEL = "-O";
				VALIDATE_PRODUCT = YES;
			};
			name = Release;
		};
		D0BC659F280EB38C0023051D /* Debug */ = {
			isa = XCBuildConfiguration;
			buildSettings = {
				ASSETCATALOG_COMPILER_APPICON_NAME = AppIcon;
				ASSETCATALOG_COMPILER_GLOBAL_ACCENT_COLOR_NAME = AccentColor;
				CODE_SIGN_STYLE = Automatic;
				CURRENT_PROJECT_VERSION = 1;
				DEVELOPMENT_TEAM = 5H3B76C82P;
				GENERATE_INFOPLIST_FILE = YES;
				INFOPLIST_FILE = Bankey/Files/Info.plist;
				INFOPLIST_KEY_UIApplicationSupportsIndirectInputEvents = YES;
				INFOPLIST_KEY_UILaunchStoryboardName = LaunchScreen;
				INFOPLIST_KEY_UISupportedInterfaceOrientations_iPad = "UIInterfaceOrientationPortrait UIInterfaceOrientationPortraitUpsideDown UIInterfaceOrientationLandscapeLeft UIInterfaceOrientationLandscapeRight";
				INFOPLIST_KEY_UISupportedInterfaceOrientations_iPhone = "UIInterfaceOrientationPortrait UIInterfaceOrientationLandscapeLeft UIInterfaceOrientationLandscapeRight";
				LD_RUNPATH_SEARCH_PATHS = (
					"$(inherited)",
					"@executable_path/Frameworks",
				);
				MARKETING_VERSION = 1.0;
				PRODUCT_BUNDLE_IDENTIFIER = com.justin.Bankey;
				PRODUCT_NAME = "$(TARGET_NAME)";
				SWIFT_EMIT_LOC_STRINGS = YES;
				SWIFT_VERSION = 5.0;
				TARGETED_DEVICE_FAMILY = "1,2";
			};
			name = Debug;
		};
		D0BC65A0280EB38C0023051D /* Release */ = {
			isa = XCBuildConfiguration;
			buildSettings = {
				ASSETCATALOG_COMPILER_APPICON_NAME = AppIcon;
				ASSETCATALOG_COMPILER_GLOBAL_ACCENT_COLOR_NAME = AccentColor;
				CODE_SIGN_STYLE = Automatic;
				CURRENT_PROJECT_VERSION = 1;
				DEVELOPMENT_TEAM = 5H3B76C82P;
				GENERATE_INFOPLIST_FILE = YES;
				INFOPLIST_FILE = Bankey/Files/Info.plist;
				INFOPLIST_KEY_UIApplicationSupportsIndirectInputEvents = YES;
				INFOPLIST_KEY_UILaunchStoryboardName = LaunchScreen;
				INFOPLIST_KEY_UISupportedInterfaceOrientations_iPad = "UIInterfaceOrientationPortrait UIInterfaceOrientationPortraitUpsideDown UIInterfaceOrientationLandscapeLeft UIInterfaceOrientationLandscapeRight";
				INFOPLIST_KEY_UISupportedInterfaceOrientations_iPhone = "UIInterfaceOrientationPortrait UIInterfaceOrientationLandscapeLeft UIInterfaceOrientationLandscapeRight";
				LD_RUNPATH_SEARCH_PATHS = (
					"$(inherited)",
					"@executable_path/Frameworks",
				);
				MARKETING_VERSION = 1.0;
				PRODUCT_BUNDLE_IDENTIFIER = com.justin.Bankey;
				PRODUCT_NAME = "$(TARGET_NAME)";
				SWIFT_EMIT_LOC_STRINGS = YES;
				SWIFT_VERSION = 5.0;
				TARGETED_DEVICE_FAMILY = "1,2";
			};
			name = Release;
		};
/* End XCBuildConfiguration section */

/* Begin XCConfigurationList section */
		D0A6ED602845FEEB0054EBB8 /* Build configuration list for PBXNativeTarget "BankeyUnitTests" */ = {
			isa = XCConfigurationList;
			buildConfigurations = (
				D0A6ED5E2845FEEB0054EBB8 /* Debug */,
				D0A6ED5F2845FEEB0054EBB8 /* Release */,
			);
			defaultConfigurationIsVisible = 0;
			defaultConfigurationName = Release;
		};
		D0BC6585280EB38B0023051D /* Build configuration list for PBXProject "Bankey" */ = {
			isa = XCConfigurationList;
			buildConfigurations = (
				D0BC659C280EB38C0023051D /* Debug */,
				D0BC659D280EB38C0023051D /* Release */,
			);
			defaultConfigurationIsVisible = 0;
			defaultConfigurationName = Release;
		};
		D0BC659E280EB38C0023051D /* Build configuration list for PBXNativeTarget "Bankey" */ = {
			isa = XCConfigurationList;
			buildConfigurations = (
				D0BC659F280EB38C0023051D /* Debug */,
				D0BC65A0280EB38C0023051D /* Release */,
			);
			defaultConfigurationIsVisible = 0;
			defaultConfigurationName = Release;
		};
/* End XCConfigurationList section */
	};
	rootObject = D0BC6582280EB38B0023051D /* Project object */;
}
